{
  "pins" : [
    {
      "identity" : "stringkit",
      "kind" : "remoteSourceControl",
      "location" : "https://github.com/RickStreet/StringKit.git",
      "state" : {
        "revision" : "14c76cbb4c14ca821e106a82d52813868d363c7e",
        "version" : "1.0.60"
      }
    }
  ],
  "version" : 2
}
