{
  "pins" : [
    {
      "identity" : "stringkit",
      "kind" : "remoteSourceControl",
      "location" : "https://github.com/RickStreet/StringKit.git",
      "state" : {
        "revision" : "5de913a81e9870090eb966e6fb8206535f9ef665",
        "version" : "1.0.58"
      }
    }
  ],
  "version" : 2
}
