{
  "pins" : [
    {
      "identity" : "stringkit",
      "kind" : "remoteSourceControl",
      "location" : "https://github.com/RickStreet/StringKit.git",
      "state" : {
        "revision" : "f2cf20297caedb87a95bed037cd0ba570d2b670c",
        "version" : "1.0.64"
      }
    }
  ],
  "version" : 2
}
